
Microsoft Visual Studio Solution File, Format Version 12.00
# Visual Studio 15
VisualStudioVersion = 15.0.27428.2027
MinimumVisualStudioVersion = 10.0.40219.1
Project("{FAE04EC0-301F-11D3-BF4B-00C04F79EFBC}") = "Logic", "Logic\Logic.csproj", "{765922C4-9087-4C88-A061-F86DCC6ADD0C}"
EndProject
Project("{FAE04EC0-301F-11D3-BF4B-00C04F79EFBC}") = "ConsoleApp", "ConsoleApp\ConsoleApp.csproj", "{8A7C1F91-3ECE-4896-882B-AA91DEA9BCDE}"
EndProject
Global
	GlobalSection(SolutionConfigurationPlatforms) = preSolution
		Debug|Any CPU = Debug|Any CPU
		Release|Any CPU = Release|Any CPU
	EndGlobalSection
	GlobalSection(ProjectConfigurationPlatforms) = postSolution
		{765922C4-9087-4C88-A061-F86DCC6ADD0C}.Debug|Any CPU.ActiveCfg = Debug|Any CPU
		{765922C4-9087-4C88-A061-F86DCC6ADD0C}.Debug|Any CPU.Build.0 = Debug|Any CPU
		{765922C4-9087-4C88-A061-F86DCC6ADD0C}.Release|Any CPU.ActiveCfg = Release|Any CPU
		{765922C4-9087-4C88-A061-F86DCC6ADD0C}.Release|Any CPU.Build.0 = Release|Any CPU
		{8A7C1F91-3ECE-4896-882B-AA91DEA9BCDE}.Debug|Any CPU.ActiveCfg = Debug|Any CPU
		{8A7C1F91-3ECE-4896-882B-AA91DEA9BCDE}.Debug|Any CPU.Build.0 = Debug|Any CPU
		{8A7C1F91-3ECE-4896-882B-AA91DEA9BCDE}.Release|Any CPU.ActiveCfg = Release|Any CPU
		{8A7C1F91-3ECE-4896-882B-AA91DEA9BCDE}.Release|Any CPU.Build.0 = Release|Any CPU
	EndGlobalSection
	GlobalSection(SolutionProperties) = preSolution
		HideSolutionNode = FALSE
	EndGlobalSection
	GlobalSection(ExtensibilityGlobals) = postSolution
		SolutionGuid = {4E93E63A-4C4F-4AAE-A3AD-11BE1309AC13}
	EndGlobalSection
EndGlobal
